
Microsoft Visual Studio Solution File, Format Version 9.00
# Visual Studio 2005
Project("{8BC9CEB8-8B4A-11D0-8D11-00A0C91BC942}") = "dspEmuTester", "dspEmuTester.vcproj", "{96796AA6-128B-403C-9854-159587EDFEF8}"
	ProjectSection(ProjectDependencies) = postProject
		{A1AF8DA1-878F-498B-BBDD-9921536FCE43} = {A1AF8DA1-878F-498B-BBDD-9921536FCE43}
		{A403BEE1-22B4-4CE3-8C93-3D470CE3AF38} = {A403BEE1-22B4-4CE3-8C93-3D470CE3AF38}
	EndProjectSection
EndProject
Project("{8BC9CEB8-8B4A-11D0-8D11-00A0C91BC942}") = "dsp56kEmu", "..\dsp56kEmu\dsp56kEmu.vcproj", "{A1AF8DA1-878F-498B-BBDD-9921536FCE43}"
EndProject
Project("{8BC9CEB8-8B4A-11D0-8D11-00A0C91BC942}") = "ptypes", "..\ptypes\win32\ptypes.vcproj", "{A403BEE1-22B4-4CE3-8C93-3D470CE3AF38}"
EndProject
Global
	GlobalSection(SourceCodeControl) = preSolution
		SccNumberOfProjects = 4
		SccProjectUniqueName0 = ..\\dsp56kEmu\\dsp56kEmu.vcproj
		SccLocalPath0 = ..\\dsp56kEmu
		SccProjectUniqueName1 = dspEmuTester.vcproj
		SccLocalPath1 = .
		SccLocalPath2 = .
		SccProjectUniqueName3 = ..\\ptypes\\win32\\ptypes.vcproj
		SccLocalPath3 = ..\\..
		SccProjectFilePathRelativizedFromConnection3 = source\\ptypes\\win32\\
	EndGlobalSection
	GlobalSection(SolutionConfigurationPlatforms) = preSolution
		Debug|Win32 = Debug|Win32
		Debug|x64 = Debug|x64
		Release|Win32 = Release|Win32
		Release|x64 = Release|x64
	EndGlobalSection
	GlobalSection(ProjectConfigurationPlatforms) = postSolution
		{96796AA6-128B-403C-9854-159587EDFEF8}.Debug|Win32.ActiveCfg = Debug|Win32
		{96796AA6-128B-403C-9854-159587EDFEF8}.Debug|Win32.Build.0 = Debug|Win32
		{96796AA6-128B-403C-9854-159587EDFEF8}.Debug|x64.ActiveCfg = Debug|Win32
		{96796AA6-128B-403C-9854-159587EDFEF8}.Release|Win32.ActiveCfg = Release|Win32
		{96796AA6-128B-403C-9854-159587EDFEF8}.Release|Win32.Build.0 = Release|Win32
		{96796AA6-128B-403C-9854-159587EDFEF8}.Release|x64.ActiveCfg = Release|Win32
		{A1AF8DA1-878F-498B-BBDD-9921536FCE43}.Debug|Win32.ActiveCfg = Debug|Win32
		{A1AF8DA1-878F-498B-BBDD-9921536FCE43}.Debug|Win32.Build.0 = Debug|Win32
		{A1AF8DA1-878F-498B-BBDD-9921536FCE43}.Debug|x64.ActiveCfg = Debug|Win32
		{A1AF8DA1-878F-498B-BBDD-9921536FCE43}.Release|Win32.ActiveCfg = Release|Win32
		{A1AF8DA1-878F-498B-BBDD-9921536FCE43}.Release|Win32.Build.0 = Release|Win32
		{A1AF8DA1-878F-498B-BBDD-9921536FCE43}.Release|x64.ActiveCfg = Release|Win32
		{A403BEE1-22B4-4CE3-8C93-3D470CE3AF38}.Debug|Win32.ActiveCfg = Debug|Win32
		{A403BEE1-22B4-4CE3-8C93-3D470CE3AF38}.Debug|Win32.Build.0 = Debug|Win32
		{A403BEE1-22B4-4CE3-8C93-3D470CE3AF38}.Debug|x64.ActiveCfg = Debug|x64
		{A403BEE1-22B4-4CE3-8C93-3D470CE3AF38}.Debug|x64.Build.0 = Debug|x64
		{A403BEE1-22B4-4CE3-8C93-3D470CE3AF38}.Release|Win32.ActiveCfg = Release|Win32
		{A403BEE1-22B4-4CE3-8C93-3D470CE3AF38}.Release|Win32.Build.0 = Release|Win32
		{A403BEE1-22B4-4CE3-8C93-3D470CE3AF38}.Release|x64.ActiveCfg = Release|x64
		{A403BEE1-22B4-4CE3-8C93-3D470CE3AF38}.Release|x64.Build.0 = Release|x64
	EndGlobalSection
	GlobalSection(SolutionProperties) = preSolution
		HideSolutionNode = FALSE
	EndGlobalSection
EndGlobal
